Microsoft Visual Studio Solution File, Format Version 12.00
# Visual Studio Version 17
VisualStudioVersion = 17.5.2.0
MinimumVisualStudioVersion = 10.0.40219.1
Project("{FAE04EC0-301F-11D3-BF4B-00C04F79EFBC}") = "Scailo.Sdk", "Scailo.Sdk.csproj", "{61AD89EA-F4FD-5644-3BEA-8CEA6498C019}"
EndProject
Project("{2150E333-8FDC-42A3-9474-1A3956D46DE8}") = "examples", "examples", "{B36A84DF-456D-A817-6EDD-3EC3E7F6E11F}"
EndProject
Project("{FAE04EC0-301F-11D3-BF4B-00C04F79EFBC}") = "LoginExample", "examples\LoginExample\LoginExample.csproj", "{16085573-996F-85FD-7726-BD13A930FF1C}"
EndProject
Global
	GlobalSection(SolutionConfigurationPlatforms) = preSolution
		Debug|Any CPU = Debug|Any CPU
		Release|Any CPU = Release|Any CPU
	EndGlobalSection
	GlobalSection(ProjectConfigurationPlatforms) = postSolution
		{61AD89EA-F4FD-5644-3BEA-8CEA6498C019}.Debug|Any CPU.ActiveCfg = Debug|Any CPU
		{61AD89EA-F4FD-5644-3BEA-8CEA6498C019}.Debug|Any CPU.Build.0 = Debug|Any CPU
		{61AD89EA-F4FD-5644-3BEA-8CEA6498C019}.Release|Any CPU.ActiveCfg = Release|Any CPU
		{61AD89EA-F4FD-5644-3BEA-8CEA6498C019}.Release|Any CPU.Build.0 = Release|Any CPU
		{16085573-996F-85FD-7726-BD13A930FF1C}.Debug|Any CPU.ActiveCfg = Debug|Any CPU
		{16085573-996F-85FD-7726-BD13A930FF1C}.Debug|Any CPU.Build.0 = Debug|Any CPU
		{16085573-996F-85FD-7726-BD13A930FF1C}.Release|Any CPU.ActiveCfg = Release|Any CPU
		{16085573-996F-85FD-7726-BD13A930FF1C}.Release|Any CPU.Build.0 = Release|Any CPU
	EndGlobalSection
	GlobalSection(SolutionProperties) = preSolution
		HideSolutionNode = FALSE
	EndGlobalSection
	GlobalSection(NestedProjects) = preSolution
		{16085573-996F-85FD-7726-BD13A930FF1C} = {B36A84DF-456D-A817-6EDD-3EC3E7F6E11F}
	EndGlobalSection
	GlobalSection(ExtensibilityGlobals) = postSolution
		SolutionGuid = {2618B660-9B5A-4AF8-8EA9-02D1D9A525B7}
	EndGlobalSection
EndGlobal
